<?xml version="1.0" encoding="utf-8"?>
<Project ToolsVersion="4.0" xmlns="http://schemas.microsoft.com/developer/msbuild/2003">
  <ItemGroup>
    <Filter Include="Source Files">
      <UniqueIdentifier>{4FC737F1-C7A5-4376-A066-2A32D752A2FF}</UniqueIdentifier>
      <Extensions>cpp;c;cc;cxx;def;odl;idl;hpj;bat;asm;asmx</Extensions>
    </Filter>
    <Filter Include="Resource Files">
      <UniqueIdentifier>{67DA6AB6-F800-4c08-8B7A-83BB121AAD01}</UniqueIdentifier>
      <Extensions>rc;ico;cur;bmp;dlg;rc2;rct;bin;rgs;gif;jpg;jpeg;jpe;resx;tiff;tif;png;wav;mfcribbon-ms</Extensions>
    </Filter>
    <Filter Include="Source Files\Common">
      <UniqueIdentifier>{635b3607-a289-458c-b038-205073f07833}</UniqueIdentifier>
    </Filter>
    <Filter Include="Source Files\D3D12">
      <UniqueIdentifier>{581b48eb-c3e8-45df-aa18-f5fcf155e5c0}</UniqueIdentifier>
    </Filter>
    <Filter Include="Source Files\UI">
      <UniqueIdentifier>{361778c5-ff74-45da-8e19-1177a4fe7f42}</UniqueIdentifier>
    </Filter>
    <Filter Include="Source Files\ThirdParty">
      <UniqueIdentifier>{0723f6bb-cd79-46f8-baa3-4ab402d8803e}</UniqueIdentifier>
    </Filter>
    <Filter Include="Source Files\Shaders">
      <UniqueIdentifier>{6ed28e94-a687-4792-9c05-45f54d1b2196}</UniqueIdentifier>
    </Filter>
  </ItemGroup>
  <ItemGroup>
    <ClCompile Include="Source\ReDX.cpp">
      <Filter>Source Files</Filter>
    </ClCompile>
    <ClCompile Include="Source\D3D12\Renderer.cpp">
      <Filter>Source Files\D3D12</Filter>
    </ClCompile>
    <ClCompile Include="Source\UI\Window.cpp">
      <Filter>Source Files\UI</Filter>
    </ClCompile>
    <ClCompile Include="Source\Common\Timer.cpp">
      <Filter>Source Files\Common</Filter>
    </ClCompile>
    <ClCompile Include="Source\Common\Scene.cpp">
      <Filter>Source Files\Common</Filter>
    </ClCompile>
    <ClCompile Include="Source\ThirdParty\load_obj.cpp">
      <Filter>Source Files\ThirdParty</Filter>
    </ClCompile>
    <ClCompile Include="Source\Common\Camera.cpp">
      <Filter>Source Files\Common</Filter>
    </ClCompile>
    <ClCompile Include="Source\Common\DynBitSet.cpp">
      <Filter>Source Files\Common</Filter>
    </ClCompile>
  </ItemGroup>
  <ItemGroup>
    <ClInclude Include="Source\D3D12\Renderer.h">
      <Filter>Source Files\D3D12</Filter>
    </ClInclude>
    <ClInclude Include="Source\Common\Definitions.h">
      <Filter>Source Files\Common</Filter>
    </ClInclude>
    <ClInclude Include="Source\Common\Utility.h">
      <Filter>Source Files\Common</Filter>
    </ClInclude>
    <ClInclude Include="Source\UI\Window.h">
      <Filter>Source Files\UI</Filter>
    </ClInclude>
    <ClInclude Include="Source\D3D12\HelperStructs.h">
      <Filter>Source Files\D3D12</Filter>
    </ClInclude>
    <ClInclude Include="Source\D3D12\HelperStructs.hpp">
      <Filter>Source Files\D3D12</Filter>
    </ClInclude>
    <ClInclude Include="Source\Common\Timer.h">
      <Filter>Source Files\Common</Filter>
    </ClInclude>
    <ClInclude Include="Source\ThirdParty\stb_image.h">
      <Filter>Source Files\ThirdParty</Filter>
    </ClInclude>
    <ClInclude Include="Source\ThirdParty\d3dx12.h">
      <Filter>Source Files\ThirdParty</Filter>
    </ClInclude>
    <ClInclude Include="Source\Common\Scene.h">
      <Filter>Source Files\Common</Filter>
    </ClInclude>
    <ClInclude Include="Source\Common\Math.h">
      <Filter>Source Files\Common</Filter>
    </ClInclude>
    <ClInclude Include="Source\ThirdParty\load_obj.h">
      <Filter>Source Files\ThirdParty</Filter>
    </ClInclude>
    <ClInclude Include="Source\Common\Constants.h">
      <Filter>Source Files\Common</Filter>
    </ClInclude>
    <ClInclude Include="Source\Common\Camera.h">
      <Filter>Source Files\Common</Filter>
    </ClInclude>
    <ClInclude Include="Source\ThirdParty\miniball.hpp">
      <Filter>Source Files\ThirdParty</Filter>
    </ClInclude>
    <ClInclude Include="Source\D3D12\Renderer.hpp">
      <Filter>Source Files\D3D12</Filter>
    </ClInclude>
    <ClInclude Include="Source\Common\DynBitSet.h">
      <Filter>Source Files\Common</Filter>
    </ClInclude>
  </ItemGroup>
  <ItemGroup>
    <None Include=".gitignore">
      <Filter>Resource Files</Filter>
    </None>
    <None Include="README.md">
      <Filter>Resource Files</Filter>
    </None>
    <None Include="LICENSE">
      <Filter>Resource Files</Filter>
    </None>
  </ItemGroup>
  <ItemGroup>
    <FxCompile Include="Source\Shaders\VSDraw.hlsl">
      <Filter>Source Files\Shaders</Filter>
    </FxCompile>
    <FxCompile Include="Source\Shaders\PSDraw.hlsl">
      <Filter>Source Files\Shaders</Filter>
    </FxCompile>
  </ItemGroup>
</Project>